// !$*UTF8*$!
{
	archiveVersion = 1;
	classes = {
	};
	objectVersion = 50;
	objects = {

/* Begin PBXBuildFile section */
		7E3782F7263774FD005DABAE /* AppDelegate.swift in Sources */ = {isa = PBXBuildFile; fileRef = 7E3782F6263774FD005DABAE /* AppDelegate.swift */; };
		7E3782F9263774FD005DABAE /* SceneDelegate.swift in Sources */ = {isa = PBXBuildFile; fileRef = 7E3782F8263774FD005DABAE /* SceneDelegate.swift */; };
		7E3782FE263774FD005DABAE /* Main.storyboard in Resources */ = {isa = PBXBuildFile; fileRef = 7E3782FC263774FD005DABAE /* Main.storyboard */; };
		7E378301263774FD005DABAE /* AudioPlayerTest.xcdatamodeld in Sources */ = {isa = PBXBuildFile; fileRef = 7E3782FF263774FD005DABAE /* AudioPlayerTest.xcdatamodeld */; };
		7E378303263774FE005DABAE /* Assets.xcassets in Resources */ = {isa = PBXBuildFile; fileRef = 7E378302263774FE005DABAE /* Assets.xcassets */; };
		7E378306263774FE005DABAE /* LaunchScreen.storyboard in Resources */ = {isa = PBXBuildFile; fileRef = 7E378304263774FE005DABAE /* LaunchScreen.storyboard */; };
		7E37830F26377542005DABAE /* MainViewController.swift in Sources */ = {isa = PBXBuildFile; fileRef = 7E37830E26377542005DABAE /* MainViewController.swift */; };
		7E378313263775AA005DABAE /* InfoCustomCell.swift in Sources */ = {isa = PBXBuildFile; fileRef = 7E378312263775AA005DABAE /* InfoCustomCell.swift */; };
		7E37831626377F8E005DABAE /* 01. Groundhog Day.mp3 in Resources */ = {isa = PBXBuildFile; fileRef = 7E37831526377F8E005DABAE /* 01. Groundhog Day.mp3 */; };
		7E37831F26397061005DABAE /* Song.swift in Sources */ = {isa = PBXBuildFile; fileRef = 7E37831E26397061005DABAE /* Song.swift */; };
/* End PBXBuildFile section */

/* Begin PBXFileReference section */
		7E3782F3263774FD005DABAE /* AudioPlayerTest.app */ = {isa = PBXFileReference; explicitFileType = wrapper.application; includeInIndex = 0; path = AudioPlayerTest.app; sourceTree = BUILT_PRODUCTS_DIR; };
		7E3782F6263774FD005DABAE /* AppDelegate.swift */ = {isa = PBXFileReference; lastKnownFileType = sourcecode.swift; path = AppDelegate.swift; sourceTree = "<group>"; };
		7E3782F8263774FD005DABAE /* SceneDelegate.swift */ = {isa = PBXFileReference; lastKnownFileType = sourcecode.swift; path = SceneDelegate.swift; sourceTree = "<group>"; };
		7E3782FD263774FD005DABAE /* Base */ = {isa = PBXFileReference; lastKnownFileType = file.storyboard; name = Base; path = Base.lproj/Main.storyboard; sourceTree = "<group>"; };
		7E378300263774FD005DABAE /* AudioPlayerTest.xcdatamodel */ = {isa = PBXFileReference; lastKnownFileType = wrapper.xcdatamodel; path = AudioPlayerTest.xcdatamodel; sourceTree = "<group>"; };
		7E378302263774FE005DABAE /* Assets.xcassets */ = {isa = PBXFileReference; lastKnownFileType = folder.assetcatalog; path = Assets.xcassets; sourceTree = "<group>"; };
		7E378305263774FE005DABAE /* Base */ = {isa = PBXFileReference; lastKnownFileType = file.storyboard; name = Base; path = Base.lproj/LaunchScreen.storyboard; sourceTree = "<group>"; };
		7E378307263774FE005DABAE /* Info.plist */ = {isa = PBXFileReference; lastKnownFileType = text.plist.xml; path = Info.plist; sourceTree = "<group>"; };
		7E37830E26377542005DABAE /* MainViewController.swift */ = {isa = PBXFileReference; lastKnownFileType = sourcecode.swift; path = MainViewController.swift; sourceTree = "<group>"; };
		7E378312263775AA005DABAE /* InfoCustomCell.swift */ = {isa = PBXFileReference; lastKnownFileType = sourcecode.swift; path = InfoCustomCell.swift; sourceTree = "<group>"; };
		7E37831526377F8E005DABAE /* 01. Groundhog Day.mp3 */ = {isa = PBXFileReference; lastKnownFileType = audio.mp3; path = "01. Groundhog Day.mp3"; sourceTree = "<group>"; };
		7E37831E26397061005DABAE /* Song.swift */ = {isa = PBXFileReference; lastKnownFileType = sourcecode.swift; path = Song.swift; sourceTree = "<group>"; };
/* End PBXFileReference section */

/* Begin PBXFrameworksBuildPhase section */
		7E3782F0263774FD005DABAE /* Frameworks */ = {
			isa = PBXFrameworksBuildPhase;
			buildActionMask = 2147483647;
			files = (
			);
			runOnlyForDeploymentPostprocessing = 0;
		};
/* End PBXFrameworksBuildPhase section */

/* Begin PBXGroup section */
		7E3782EA263774FC005DABAE = {
			isa = PBXGroup;
			children = (
				7E3782F5263774FD005DABAE /* AudioPlayerTest */,
				7E3782F4263774FD005DABAE /* Products */,
			);
			sourceTree = "<group>";
		};
		7E3782F4263774FD005DABAE /* Products */ = {
			isa = PBXGroup;
			children = (
				7E3782F3263774FD005DABAE /* AudioPlayerTest.app */,
			);
			name = Products;
			sourceTree = "<group>";
		};
		7E3782F5263774FD005DABAE /* AudioPlayerTest */ = {
			isa = PBXGroup;
			children = (
				7E3782F6263774FD005DABAE /* AppDelegate.swift */,
				7E3782F8263774FD005DABAE /* SceneDelegate.swift */,
				7E3782FC263774FD005DABAE /* Main.storyboard */,
				7E37830E26377542005DABAE /* MainViewController.swift */,
				7E37831E26397061005DABAE /* Song.swift */,
				7E378312263775AA005DABAE /* InfoCustomCell.swift */,
				7E378302263774FE005DABAE /* Assets.xcassets */,
				7E378304263774FE005DABAE /* LaunchScreen.storyboard */,
				7E378307263774FE005DABAE /* Info.plist */,
				7E3782FF263774FD005DABAE /* AudioPlayerTest.xcdatamodeld */,
				7E37831526377F8E005DABAE /* 01. Groundhog Day.mp3 */,
			);
			path = AudioPlayerTest;
			sourceTree = "<group>";
		};
/* End PBXGroup section */

/* Begin PBXNativeTarget section */
		7E3782F2263774FD005DABAE /* AudioPlayerTest */ = {
			isa = PBXNativeTarget;
			buildConfigurationList = 7E37830A263774FE005DABAE /* Build configuration list for PBXNativeTarget "AudioPlayerTest" */;
			buildPhases = (
				7E3782EF263774FD005DABAE /* Sources */,
				7E3782F0263774FD005DABAE /* Frameworks */,
				7E3782F1263774FD005DABAE /* Resources */,
			);
			buildRules = (
			);
			dependencies = (
			);
			name = AudioPlayerTest;
			productName = AudioPlayerTest;
			productReference = 7E3782F3263774FD005DABAE /* AudioPlayerTest.app */;
			productType = "com.apple.product-type.application";
		};
/* End PBXNativeTarget section */

/* Begin PBXProject section */
		7E3782EB263774FC005DABAE /* Project object */ = {
			isa = PBXProject;
			attributes = {
				LastSwiftUpdateCheck = 1240;
				LastUpgradeCheck = 1240;
				TargetAttributes = {
					7E3782F2263774FD005DABAE = {
						CreatedOnToolsVersion = 12.4;
					};
				};
			};
			buildConfigurationList = 7E3782EE263774FC005DABAE /* Build configuration list for PBXProject "AudioPlayerTest" */;
			compatibilityVersion = "Xcode 9.3";
			developmentRegion = en;
			hasScannedForEncodings = 0;
			knownRegions = (
				en,
				Base,
			);
			mainGroup = 7E3782EA263774FC005DABAE;
			productRefGroup = 7E3782F4263774FD005DABAE /* Products */;
			projectDirPath = "";
			projectRoot = "";
			targets = (
				7E3782F2263774FD005DABAE /* AudioPlayerTest */,
			);
		};
/* End PBXProject section */

/* Begin PBXResourcesBuildPhase section */
		7E3782F1263774FD005DABAE /* Resources */ = {
			isa = PBXResourcesBuildPhase;
			buildActionMask = 2147483647;
			files = (
				7E378306263774FE005DABAE /* LaunchScreen.storyboard in Resources */,
				7E37831626377F8E005DABAE /* 01. Groundhog Day.mp3 in Resources */,
				7E378303263774FE005DABAE /* Assets.xcassets in Resources */,
				7E3782FE263774FD005DABAE /* Main.storyboard in Resources */,
			);
			runOnlyForDeploymentPostprocessing = 0;
		};
/* End PBXResourcesBuildPhase section */

/* Begin PBXSourcesBuildPhase section */
		7E3782EF263774FD005DABAE /* Sources */ = {
			isa = PBXSourcesBuildPhase;
			buildActionMask = 2147483647;
			files = (
				7E37831F26397061005DABAE /* Song.swift in Sources */,
				7E3782F7263774FD005DABAE /* AppDelegate.swift in Sources */,
				7E378313263775AA005DABAE /* InfoCustomCell.swift in Sources */,
				7E3782F9263774FD005DABAE /* SceneDelegate.swift in Sources */,
				7E378301263774FD005DABAE /* AudioPlayerTest.xcdatamodeld in Sources */,
				7E37830F26377542005DABAE /* MainViewController.swift in Sources */,
			);
			runOnlyForDeploymentPostprocessing = 0;
		};
/* End PBXSourcesBuildPhase section */

/* Begin PBXVariantGroup section */
		7E3782FC263774FD005DABAE /* Main.storyboard */ = {
			isa = PBXVariantGroup;
			children = (
				7E3782FD263774FD005DABAE /* Base */,
			);
			name = Main.storyboard;
			sourceTree = "<group>";
		};
		7E378304263774FE005DABAE /* LaunchScreen.storyboard */ = {
			isa = PBXVariantGroup;
			children = (
				7E378305263774FE005DABAE /* Base */,
			);
			name = LaunchScreen.storyboard;
			sourceTree = "<group>";
		};
/* End PBXVariantGroup section */

/* Begin XCBuildConfiguration section */
		7E378308263774FE005DABAE /* Debug */ = {
			isa = XCBuildConfiguration;
			buildSettings = {
				ALWAYS_SEARCH_USER_PATHS = NO;
				CLANG_ANALYZER_NONNULL = YES;
				CLANG_ANALYZER_NUMBER_OBJECT_CONVERSION = YES_AGGRESSIVE;
				CLANG_CXX_LANGUAGE_STANDARD = "gnu++14";
				CLANG_CXX_LIBRARY = "libc++";
				CLANG_ENABLE_MODULES = YES;
				CLANG_ENABLE_OBJC_ARC = YES;
				CLANG_ENABLE_OBJC_WEAK = YES;
				CLANG_WARN_BLOCK_CAPTURE_AUTORELEASING = YES;
				CLANG_WARN_BOOL_CONVERSION = YES;
				CLANG_WARN_COMMA = YES;
				CLANG_WARN_CONSTANT_CONVERSION = YES;
				CLANG_WARN_DEPRECATED_OBJC_IMPLEMENTATIONS = YES;
				CLANG_WARN_DIRECT_OBJC_ISA_USAGE = YES_ERROR;
				CLANG_WARN_DOCUMENTATION_COMMENTS = YES;
				CLANG_WARN_EMPTY_BODY = YES;
				CLANG_WARN_ENUM_CONVERSION = YES;
				CLANG_WARN_INFINITE_RECURSION = YES;
				CLANG_WARN_INT_CONVERSION = YES;
				CLANG_WARN_NON_LITERAL_NULL_CONVERSION = YES;
				CLANG_WARN_OBJC_IMPLICIT_RETAIN_SELF = YES;
				CLANG_WARN_OBJC_LITERAL_CONVERSION = YES;
				CLANG_WARN_OBJC_ROOT_CLASS = YES_ERROR;
				CLANG_WARN_QUOTED_INCLUDE_IN_FRAMEWORK_HEADER = YES;
				CLANG_WARN_RANGE_LOOP_ANALYSIS = YES;
				CLANG_WARN_STRICT_PROTOTYPES = YES;
				CLANG_WARN_SUSPICIOUS_MOVE = YES;
				CLANG_WARN_UNGUARDED_AVAILABILITY = YES_AGGRESSIVE;
				CLANG_WARN_UNREACHABLE_CODE = YES;
				CLANG_WARN__DUPLICATE_METHOD_MATCH = YES;
				COPY_PHASE_STRIP = NO;
				DEBUG_INFORMATION_FORMAT = dwarf;
				ENABLE_STRICT_OBJC_MSGSEND = YES;
				ENABLE_TESTABILITY = YES;
				GCC_C_LANGUAGE_STANDARD = gnu11;
				GCC_DYNAMIC_NO_PIC = NO;
				GCC_NO_COMMON_BLOCKS = YES;
				GCC_OPTIMIZATION_LEVEL = 0;
				GCC_PREPROCESSOR_DEFINITIONS = (
					"DEBUG=1",
					"$(inherited)",
				);
				GCC_WARN_64_TO_32_BIT_CONVERSION = YES;
				GCC_WARN_ABOUT_RETURN_TYPE = YES_ERROR;
				GCC_WARN_UNDECLARED_SELECTOR = YES;
				GCC_WARN_UNINITIALIZED_AUTOS = YES_AGGRESSIVE;
				GCC_WARN_UNUSED_FUNCTION = YES;
				GCC_WARN_UNUSED_VARIABLE = YES;
				IPHONEOS_DEPLOYMENT_TARGET = 14.4;
				MTL_ENABLE_DEBUG_INFO = INCLUDE_SOURCE;
				MTL_FAST_MATH = YES;
				ONLY_ACTIVE_ARCH = YES;
				SDKROOT = iphoneos;
				SWIFT_ACTIVE_COMPILATION_CONDITIONS = DEBUG;
				SWIFT_OPTIMIZATION_LEVEL = "-Onone";
			};
			name = Debug;
		};
		7E378309263774FE005DABAE /* Release */ = {
			isa = XCBuildConfiguration;
			buildSettings = {
				ALWAYS_SEARCH_USER_PATHS = NO;
				CLANG_ANALYZER_NONNULL = YES;
				CLANG_ANALYZER_NUMBER_OBJECT_CONVERSION = YES_AGGRESSIVE;
				CLANG_CXX_LANGUAGE_STANDARD = "gnu++14";
				CLANG_CXX_LIBRARY = "libc++";
				CLANG_ENABLE_MODULES = YES;
				CLANG_ENABLE_OBJC_ARC = YES;
				CLANG_ENABLE_OBJC_WEAK = YES;
				CLANG_WARN_BLOCK_CAPTURE_AUTORELEASING = YES;
				CLANG_WARN_BOOL_CONVERSION = YES;
				CLANG_WARN_COMMA = YES;
				CLANG_WARN_CONSTANT_CONVERSION = YES;
				CLANG_WARN_DEPRECATED_OBJC_IMPLEMENTATIONS = YES;
				CLANG_WARN_DIRECT_OBJC_ISA_USAGE = YES_ERROR;
				CLANG_WARN_DOCUMENTATION_COMMENTS = YES;
				CLANG_WARN_EMPTY_BODY = YES;
				CLANG_WARN_ENUM_CONVERSION = YES;
				CLANG_WARN_INFINITE_RECURSION = YES;
				CLANG_WARN_INT_CONVERSION = YES;
				CLANG_WARN_NON_LITERAL_NULL_CONVERSION = YES;
				CLANG_WARN_OBJC_IMPLICIT_RETAIN_SELF = YES;
				CLANG_WARN_OBJC_LITERAL_CONVERSION = YES;
				CLANG_WARN_OBJC_ROOT_CLASS = YES_ERROR;
				CLANG_WARN_QUOTED_INCLUDE_IN_FRAMEWORK_HEADER = YES;
				CLANG_WARN_RANGE_LOOP_ANALYSIS = YES;
				CLANG_WARN_STRICT_PROTOTYPES = YES;
				CLANG_WARN_SUSPICIOUS_MOVE = YES;
				CLANG_WARN_UNGUARDED_AVAILABILITY = YES_AGGRESSIVE;
				CLANG_WARN_UNREACHABLE_CODE = YES;
				CLANG_WARN__DUPLICATE_METHOD_MATCH = YES;
				COPY_PHASE_STRIP = NO;
				DEBUG_INFORMATION_FORMAT = "dwarf-with-dsym";
				ENABLE_NS_ASSERTIONS = NO;
				ENABLE_STRICT_OBJC_MSGSEND = YES;
				GCC_C_LANGUAGE_STANDARD = gnu11;
				GCC_NO_COMMON_BLOCKS = YES;
				GCC_WARN_64_TO_32_BIT_CONVERSION = YES;
				GCC_WARN_ABOUT_RETURN_TYPE = YES_ERROR;
				GCC_WARN_UNDECLARED_SELECTOR = YES;
				GCC_WARN_UNINITIALIZED_AUTOS = YES_AGGRESSIVE;
				GCC_WARN_UNUSED_FUNCTION = YES;
				GCC_WARN_UNUSED_VARIABLE = YES;
				IPHONEOS_DEPLOYMENT_TARGET = 14.4;
				MTL_ENABLE_DEBUG_INFO = NO;
				MTL_FAST_MATH = YES;
				SDKROOT = iphoneos;
				SWIFT_COMPILATION_MODE = wholemodule;
				SWIFT_OPTIMIZATION_LEVEL = "-O";
				VALIDATE_PRODUCT = YES;
			};
			name = Release;
		};
		7E37830B263774FE005DABAE /* Debug */ = {
			isa = XCBuildConfiguration;
			buildSettings = {
				ASSETCATALOG_COMPILER_APPICON_NAME = AppIcon;
				ASSETCATALOG_COMPILER_GLOBAL_ACCENT_COLOR_NAME = AccentColor;
				CODE_SIGN_STYLE = Automatic;
				DEVELOPMENT_TEAM = 8N9N9XNS66;
				INFOPLIST_FILE = AudioPlayerTest/Info.plist;
				LD_RUNPATH_SEARCH_PATHS = (
					"$(inherited)",
					"@executable_path/Frameworks",
				);
				PRODUCT_BUNDLE_IDENTIFIER = "Vitali-Nabarouski.AudioPlayerTest";
				PRODUCT_NAME = "$(TARGET_NAME)";
				SWIFT_VERSION = 5.0;
				TARGETED_DEVICE_FAMILY = 1;
			};
			name = Debug;
		};
		7E37830C263774FE005DABAE /* Release */ = {
			isa = XCBuildConfiguration;
			buildSettings = {
				ASSETCATALOG_COMPILER_APPICON_NAME = AppIcon;
				ASSETCATALOG_COMPILER_GLOBAL_ACCENT_COLOR_NAME = AccentColor;
				CODE_SIGN_STYLE = Automatic;
				DEVELOPMENT_TEAM = 8N9N9XNS66;
				INFOPLIST_FILE = AudioPlayerTest/Info.plist;
				LD_RUNPATH_SEARCH_PATHS = (
					"$(inherited)",
					"@executable_path/Frameworks",
				);
				PRODUCT_BUNDLE_IDENTIFIER = "Vitali-Nabarouski.AudioPlayerTest";
				PRODUCT_NAME = "$(TARGET_NAME)";
				SWIFT_VERSION = 5.0;
				TARGETED_DEVICE_FAMILY = 1;
			};
			name = Release;
		};
/* End XCBuildConfiguration section */

/* Begin XCConfigurationList section */
		7E3782EE263774FC005DABAE /* Build configuration list for PBXProject "AudioPlayerTest" */ = {
			isa = XCConfigurationList;
			buildConfigurations = (
				7E378308263774FE005DABAE /* Debug */,
				7E378309263774FE005DABAE /* Release */,
			);
			defaultConfigurationIsVisible = 0;
			defaultConfigurationName = Release;
		};
		7E37830A263774FE005DABAE /* Build configuration list for PBXNativeTarget "AudioPlayerTest" */ = {
			isa = XCConfigurationList;
			buildConfigurations = (
				7E37830B263774FE005DABAE /* Debug */,
				7E37830C263774FE005DABAE /* Release */,
			);
			defaultConfigurationIsVisible = 0;
			defaultConfigurationName = Release;
		};
/* End XCConfigurationList section */

/* Begin XCVersionGroup section */
		7E3782FF263774FD005DABAE /* AudioPlayerTest.xcdatamodeld */ = {
			isa = XCVersionGroup;
			children = (
				7E378300263774FD005DABAE /* AudioPlayerTest.xcdatamodel */,
			);
			currentVersion = 7E378300263774FD005DABAE /* AudioPlayerTest.xcdatamodel */;
			path = AudioPlayerTest.xcdatamodeld;
			sourceTree = "<group>";
			versionGroupType = wrapper.xcdatamodel;
		};
/* End XCVersionGroup section */
	};
	rootObject = 7E3782EB263774FC005DABAE /* Project object */;
}
